
Microsoft Visual Studio Solution File, Format Version 12.00
# Visual Studio 14
VisualStudioVersion = 14.0.25420.1
MinimumVisualStudioVersion = 10.0.40219.1
Project("{2150E333-8FDC-42A3-9474-1A3956D46DE8}") = "test", "test", "{D4056095-1F19-457E-BAF5-D3E90BF50139}"
EndProject
Project("{FAE04EC0-301F-11D3-BF4B-00C04F79EFBC}") = "test1", "test1\test1.csproj", "{034A8CA9-1306-4036-AEBF-A99421C1E40E}"
EndProject
Project("{FAE04EC0-301F-11D3-BF4B-00C04F79EFBC}") = "CaterUI", "CaterUI\CaterUI.csproj", "{8B78B355-21D3-4B60-AD07-782A576A1EF8}"
EndProject
Project("{FAE04EC0-301F-11D3-BF4B-00C04F79EFBC}") = "CaterDal", "CaterDal\CaterDal.csproj", "{B4676C86-A101-4717-8898-ED8AD9135525}"
EndProject
Project("{FAE04EC0-301F-11D3-BF4B-00C04F79EFBC}") = "CaterBll", "CaterBll\CaterBll.csproj", "{A42C32DD-DC58-4001-8083-DFAE86CF4184}"
EndProject
Project("{FAE04EC0-301F-11D3-BF4B-00C04F79EFBC}") = "CaterModel", "CaterModel\CaterModel.csproj", "{A5F789D3-7C35-4EDE-8564-7B9D0EE7D421}"
EndProject
Project("{FAE04EC0-301F-11D3-BF4B-00C04F79EFBC}") = "CaterCommon", "CaterCommon\CaterCommon.csproj", "{5C22CE0B-07C7-4508-90EC-CC5C1A2EEEE4}"
EndProject
Global
	GlobalSection(SolutionConfigurationPlatforms) = preSolution
		Debug|Any CPU = Debug|Any CPU
		Release|Any CPU = Release|Any CPU
	EndGlobalSection
	GlobalSection(ProjectConfigurationPlatforms) = postSolution
		{034A8CA9-1306-4036-AEBF-A99421C1E40E}.Debug|Any CPU.ActiveCfg = Debug|Any CPU
		{034A8CA9-1306-4036-AEBF-A99421C1E40E}.Debug|Any CPU.Build.0 = Debug|Any CPU
		{034A8CA9-1306-4036-AEBF-A99421C1E40E}.Release|Any CPU.ActiveCfg = Release|Any CPU
		{034A8CA9-1306-4036-AEBF-A99421C1E40E}.Release|Any CPU.Build.0 = Release|Any CPU
		{8B78B355-21D3-4B60-AD07-782A576A1EF8}.Debug|Any CPU.ActiveCfg = Debug|Any CPU
		{8B78B355-21D3-4B60-AD07-782A576A1EF8}.Debug|Any CPU.Build.0 = Debug|Any CPU
		{8B78B355-21D3-4B60-AD07-782A576A1EF8}.Release|Any CPU.ActiveCfg = Release|Any CPU
		{8B78B355-21D3-4B60-AD07-782A576A1EF8}.Release|Any CPU.Build.0 = Release|Any CPU
		{B4676C86-A101-4717-8898-ED8AD9135525}.Debug|Any CPU.ActiveCfg = Debug|Any CPU
		{B4676C86-A101-4717-8898-ED8AD9135525}.Debug|Any CPU.Build.0 = Debug|Any CPU
		{B4676C86-A101-4717-8898-ED8AD9135525}.Release|Any CPU.ActiveCfg = Release|Any CPU
		{B4676C86-A101-4717-8898-ED8AD9135525}.Release|Any CPU.Build.0 = Release|Any CPU
		{A42C32DD-DC58-4001-8083-DFAE86CF4184}.Debug|Any CPU.ActiveCfg = Debug|Any CPU
		{A42C32DD-DC58-4001-8083-DFAE86CF4184}.Debug|Any CPU.Build.0 = Debug|Any CPU
		{A42C32DD-DC58-4001-8083-DFAE86CF4184}.Release|Any CPU.ActiveCfg = Release|Any CPU
		{A42C32DD-DC58-4001-8083-DFAE86CF4184}.Release|Any CPU.Build.0 = Release|Any CPU
		{A5F789D3-7C35-4EDE-8564-7B9D0EE7D421}.Debug|Any CPU.ActiveCfg = Debug|Any CPU
		{A5F789D3-7C35-4EDE-8564-7B9D0EE7D421}.Debug|Any CPU.Build.0 = Debug|Any CPU
		{A5F789D3-7C35-4EDE-8564-7B9D0EE7D421}.Release|Any CPU.ActiveCfg = Release|Any CPU
		{A5F789D3-7C35-4EDE-8564-7B9D0EE7D421}.Release|Any CPU.Build.0 = Release|Any CPU
		{5C22CE0B-07C7-4508-90EC-CC5C1A2EEEE4}.Debug|Any CPU.ActiveCfg = Debug|Any CPU
		{5C22CE0B-07C7-4508-90EC-CC5C1A2EEEE4}.Debug|Any CPU.Build.0 = Debug|Any CPU
		{5C22CE0B-07C7-4508-90EC-CC5C1A2EEEE4}.Release|Any CPU.ActiveCfg = Release|Any CPU
		{5C22CE0B-07C7-4508-90EC-CC5C1A2EEEE4}.Release|Any CPU.Build.0 = Release|Any CPU
	EndGlobalSection
	GlobalSection(SolutionProperties) = preSolution
		HideSolutionNode = FALSE
	EndGlobalSection
	GlobalSection(NestedProjects) = preSolution
		{034A8CA9-1306-4036-AEBF-A99421C1E40E} = {D4056095-1F19-457E-BAF5-D3E90BF50139}
	EndGlobalSection
EndGlobal
